// !$*UTF8*$!
{
	archiveVersion = 1;
	classes = {
	};
	objectVersion = 46;
	objects = {

/* Begin PBXBuildFile section */
		F902D46D1E4F51CD00252B04 /* ShareViewController.swift in Sources */ = {isa = PBXBuildFile; fileRef = F902D46C1E4F51CD00252B04 /* ShareViewController.swift */; };
		F902D4701E4F51CD00252B04 /* MainInterface.storyboard in Resources */ = {isa = PBXBuildFile; fileRef = F902D46E1E4F51CD00252B04 /* MainInterface.storyboard */; };
		F902D4741E4F51CD00252B04 /* TreeSetsImport.appex in Embed App Extensions */ = {isa = PBXBuildFile; fileRef = F902D46A1E4F51CC00252B04 /* TreeSetsImport.appex */; settings = {ATTRIBUTES = (RemoveHeadersOnCopy, ); }; };
		F902D47B1E4F63C500252B04 /* Tree_Sets.xcdatamodeld in Sources */ = {isa = PBXBuildFile; fileRef = F9462B5A1E146F7E00A63F9E /* Tree_Sets.xcdatamodeld */; };
		F902D47D1E4F81CF00252B04 /* Image+CoreDataProperties.swift in Sources */ = {isa = PBXBuildFile; fileRef = F9DD85E21E4413A6003D61E8 /* Image+CoreDataProperties.swift */; };
		F902D47E1E4F81D100252B04 /* Image.swift in Sources */ = {isa = PBXBuildFile; fileRef = F9DD85DF1E4412C3003D61E8 /* Image.swift */; };
		F902D4801E4FFC8400252B04 /* CoreDataWrapper.swift in Sources */ = {isa = PBXBuildFile; fileRef = F902D47F1E4FFC8400252B04 /* CoreDataWrapper.swift */; };
		F902D4811E4FFC9200252B04 /* CoreDataWrapper.swift in Sources */ = {isa = PBXBuildFile; fileRef = F902D47F1E4FFC8400252B04 /* CoreDataWrapper.swift */; };
		F902D4891E50C69900252B04 /* LoadingVC.swift in Sources */ = {isa = PBXBuildFile; fileRef = F902D4881E50C69900252B04 /* LoadingVC.swift */; };
		F9462B541E146F7E00A63F9E /* AppDelegate.swift in Sources */ = {isa = PBXBuildFile; fileRef = F9462B531E146F7E00A63F9E /* AppDelegate.swift */; };
		F9462B591E146F7E00A63F9E /* Main.storyboard in Resources */ = {isa = PBXBuildFile; fileRef = F9462B571E146F7E00A63F9E /* Main.storyboard */; };
		F9462B5C1E146F7F00A63F9E /* Tree_Sets.xcdatamodeld in Sources */ = {isa = PBXBuildFile; fileRef = F9462B5A1E146F7E00A63F9E /* Tree_Sets.xcdatamodeld */; };
		F9462B611E146F7F00A63F9E /* LaunchScreen.storyboard in Resources */ = {isa = PBXBuildFile; fileRef = F9462B5F1E146F7F00A63F9E /* LaunchScreen.storyboard */; };
		F94A9BA81E14A6A70072F5AA /* PopulateDB.swift in Sources */ = {isa = PBXBuildFile; fileRef = F94A9BA71E14A6A70072F5AA /* PopulateDB.swift */; };
		F954BA861E3505FA0052E459 /* PokemonSet+Extension.swift in Sources */ = {isa = PBXBuildFile; fileRef = F954BA851E3505FA0052E459 /* PokemonSet+Extension.swift */; };
		F954BA8B1E37B7670052E459 /* TrainerCell.swift in Sources */ = {isa = PBXBuildFile; fileRef = F954BA8A1E37B7670052E459 /* TrainerCell.swift */; };
		F954BA8D1E37CAE80052E459 /* Trainer+Extension.swift in Sources */ = {isa = PBXBuildFile; fileRef = F954BA8C1E37CAE80052E459 /* Trainer+Extension.swift */; };
		F954BA8F1E37CBE60052E459 /* UITableView+Extension.swift in Sources */ = {isa = PBXBuildFile; fileRef = F954BA8E1E37CBE60052E459 /* UITableView+Extension.swift */; };
		F954BA911E37D6990052E459 /* Checkmark.swift in Sources */ = {isa = PBXBuildFile; fileRef = F954BA901E37D6990052E459 /* Checkmark.swift */; };
		F954BA931E37D8270052E459 /* PokemonCell.swift in Sources */ = {isa = PBXBuildFile; fileRef = F954BA921E37D8270052E459 /* PokemonCell.swift */; };
		F954BA951E37D9E50052E459 /* Pokemon+Extension.swift in Sources */ = {isa = PBXBuildFile; fileRef = F954BA941E37D9E50052E459 /* Pokemon+Extension.swift */; };
		F954BA971E38019E0052E459 /* PokemonSetsVC.swift in Sources */ = {isa = PBXBuildFile; fileRef = F954BA961E38019E0052E459 /* PokemonSetsVC.swift */; };
		F954BA991E3803A30052E459 /* PokemonSetsCell.swift in Sources */ = {isa = PBXBuildFile; fileRef = F954BA981E3803A30052E459 /* PokemonSetsCell.swift */; };
		F954BAA41E3975670052E459 /* TrainerUpdateVC.swift in Sources */ = {isa = PBXBuildFile; fileRef = F954BAA31E3975670052E459 /* TrainerUpdateVC.swift */; };
		F990EB521EF2359A00085553 /* Assets.xcassets in Resources */ = {isa = PBXBuildFile; fileRef = F990EB511EF2359A00085553 /* Assets.xcassets */; };
		F9DD85E01E4412C3003D61E8 /* Image.swift in Sources */ = {isa = PBXBuildFile; fileRef = F9DD85DF1E4412C3003D61E8 /* Image.swift */; };
		F9DD85E41E4413A6003D61E8 /* Image+CoreDataProperties.swift in Sources */ = {isa = PBXBuildFile; fileRef = F9DD85E21E4413A6003D61E8 /* Image+CoreDataProperties.swift */; };
		F9DD86011E4D1BA1003D61E8 /* UIViewController+Extensions.swift in Sources */ = {isa = PBXBuildFile; fileRef = F9DD86001E4D1BA1003D61E8 /* UIViewController+Extensions.swift */; };
		F9ECBC1A1E14955A0005F92A /* TrainersTableVC.swift in Sources */ = {isa = PBXBuildFile; fileRef = F9ECBC191E14955A0005F92A /* TrainersTableVC.swift */; };
		F9ECBC1C1E14957E0005F92A /* PokemonsTableVC.swift in Sources */ = {isa = PBXBuildFile; fileRef = F9ECBC1B1E14957E0005F92A /* PokemonsTableVC.swift */; };
		F9ECBC1E1E1496880005F92A /* TabBarVC.swift in Sources */ = {isa = PBXBuildFile; fileRef = F9ECBC1D1E1496880005F92A /* TabBarVC.swift */; };
/* End PBXBuildFile section */

/* Begin PBXContainerItemProxy section */
		F902D4721E4F51CD00252B04 /* PBXContainerItemProxy */ = {
			isa = PBXContainerItemProxy;
			containerPortal = F9462B481E146F7E00A63F9E /* Project object */;
			proxyType = 1;
			remoteGlobalIDString = F902D4691E4F51CC00252B04;
			remoteInfo = TreeSetsImport;
		};
/* End PBXContainerItemProxy section */

/* Begin PBXCopyFilesBuildPhase section */
		F902D4781E4F51CD00252B04 /* Embed App Extensions */ = {
			isa = PBXCopyFilesBuildPhase;
			buildActionMask = 2147483647;
			dstPath = "";
			dstSubfolderSpec = 13;
			files = (
				F902D4741E4F51CD00252B04 /* TreeSetsImport.appex in Embed App Extensions */,
			);
			name = "Embed App Extensions";
			runOnlyForDeploymentPostprocessing = 0;
		};
/* End PBXCopyFilesBuildPhase section */

/* Begin PBXFileReference section */
		F902D4641E4F47EA00252B04 /* Pokemon-Table 1.csv */ = {isa = PBXFileReference; lastKnownFileType = text; path = "Pokemon-Table 1.csv"; sourceTree = "<group>"; };
		F902D4651E4F4E0900252B04 /* Trainer-Table 1.csv */ = {isa = PBXFileReference; lastKnownFileType = text; path = "Trainer-Table 1.csv"; sourceTree = "<group>"; };
		F902D46A1E4F51CC00252B04 /* TreeSetsImport.appex */ = {isa = PBXFileReference; explicitFileType = "wrapper.app-extension"; includeInIndex = 0; path = TreeSetsImport.appex; sourceTree = BUILT_PRODUCTS_DIR; };
		F902D46C1E4F51CD00252B04 /* ShareViewController.swift */ = {isa = PBXFileReference; lastKnownFileType = sourcecode.swift; path = ShareViewController.swift; sourceTree = "<group>"; };
		F902D46F1E4F51CD00252B04 /* Base */ = {isa = PBXFileReference; lastKnownFileType = file.storyboard; name = Base; path = Base.lproj/MainInterface.storyboard; sourceTree = "<group>"; };
		F902D4711E4F51CD00252B04 /* Info.plist */ = {isa = PBXFileReference; lastKnownFileType = text.plist.xml; path = Info.plist; sourceTree = "<group>"; };
		F902D4791E4F560900252B04 /* Tree Sets.entitlements */ = {isa = PBXFileReference; lastKnownFileType = text.plist.entitlements; path = "Tree Sets.entitlements"; sourceTree = "<group>"; };
		F902D47A1E4F562200252B04 /* TreeSetsImport.entitlements */ = {isa = PBXFileReference; lastKnownFileType = text.plist.entitlements; path = TreeSetsImport.entitlements; sourceTree = "<group>"; };
		F902D47F1E4FFC8400252B04 /* CoreDataWrapper.swift */ = {isa = PBXFileReference; fileEncoding = 4; lastKnownFileType = sourcecode.swift; name = CoreDataWrapper.swift; path = "Tree Sets/CoreDataWrapper.swift"; sourceTree = "<group>"; };
		F902D4881E50C69900252B04 /* LoadingVC.swift */ = {isa = PBXFileReference; fileEncoding = 4; lastKnownFileType = sourcecode.swift; path = LoadingVC.swift; sourceTree = "<group>"; };
		F902D48A1E50F6C500252B04 /* Tree_Sets.sqlite */ = {isa = PBXFileReference; lastKnownFileType = file; path = Tree_Sets.sqlite; sourceTree = "<group>"; };
		F902D48B1E50F6C500252B04 /* Tree_Sets.sqlite-shm */ = {isa = PBXFileReference; lastKnownFileType = file; path = "Tree_Sets.sqlite-shm"; sourceTree = "<group>"; };
		F902D48C1E50F6C500252B04 /* Tree_Sets.sqlite-wal */ = {isa = PBXFileReference; lastKnownFileType = file; path = "Tree_Sets.sqlite-wal"; sourceTree = "<group>"; };
		F9462B501E146F7E00A63F9E /* Tree Sets.app */ = {isa = PBXFileReference; explicitFileType = wrapper.application; includeInIndex = 0; path = "Tree Sets.app"; sourceTree = BUILT_PRODUCTS_DIR; };
		F9462B531E146F7E00A63F9E /* AppDelegate.swift */ = {isa = PBXFileReference; lastKnownFileType = sourcecode.swift; path = AppDelegate.swift; sourceTree = "<group>"; };
		F9462B581E146F7E00A63F9E /* Base */ = {isa = PBXFileReference; lastKnownFileType = file.storyboard; name = Base; path = Base.lproj/Main.storyboard; sourceTree = "<group>"; };
		F9462B5B1E146F7E00A63F9E /* Tree_Sets.xcdatamodel */ = {isa = PBXFileReference; lastKnownFileType = wrapper.xcdatamodel; path = Tree_Sets.xcdatamodel; sourceTree = "<group>"; };
		F9462B601E146F7F00A63F9E /* Base */ = {isa = PBXFileReference; lastKnownFileType = file.storyboard; name = Base; path = Base.lproj/LaunchScreen.storyboard; sourceTree = "<group>"; };
		F9462B621E146F7F00A63F9E /* Info.plist */ = {isa = PBXFileReference; lastKnownFileType = text.plist.xml; path = Info.plist; sourceTree = "<group>"; };
		F94A9BA71E14A6A70072F5AA /* PopulateDB.swift */ = {isa = PBXFileReference; fileEncoding = 4; lastKnownFileType = sourcecode.swift; path = PopulateDB.swift; sourceTree = "<group>"; };
		F94A9BAD1E156AE60072F5AA /* Battle Tree Lookup - Pokedex.tsv */ = {isa = PBXFileReference; fileEncoding = 4; lastKnownFileType = text; path = "Battle Tree Lookup - Pokedex.tsv"; sourceTree = "<group>"; };
		F954BA801E3412510052E459 /* Trainer Category-Table 1.csv */ = {isa = PBXFileReference; fileEncoding = 4; lastKnownFileType = text; path = "Trainer Category-Table 1.csv"; sourceTree = "<group>"; };
		F954BA821E3420E30052E459 /* Dex-Table 1.csv */ = {isa = PBXFileReference; fileEncoding = 4; lastKnownFileType = text; path = "Dex-Table 1.csv"; sourceTree = "<group>"; };
		F954BA851E3505FA0052E459 /* PokemonSet+Extension.swift */ = {isa = PBXFileReference; fileEncoding = 4; lastKnownFileType = sourcecode.swift; path = "PokemonSet+Extension.swift"; sourceTree = "<group>"; };
		F954BA8A1E37B7670052E459 /* TrainerCell.swift */ = {isa = PBXFileReference; fileEncoding = 4; lastKnownFileType = sourcecode.swift; path = TrainerCell.swift; sourceTree = "<group>"; };
		F954BA8C1E37CAE80052E459 /* Trainer+Extension.swift */ = {isa = PBXFileReference; fileEncoding = 4; lastKnownFileType = sourcecode.swift; path = "Trainer+Extension.swift"; sourceTree = "<group>"; };
		F954BA8E1E37CBE60052E459 /* UITableView+Extension.swift */ = {isa = PBXFileReference; fileEncoding = 4; lastKnownFileType = sourcecode.swift; path = "UITableView+Extension.swift"; sourceTree = "<group>"; };
		F954BA901E37D6990052E459 /* Checkmark.swift */ = {isa = PBXFileReference; fileEncoding = 4; lastKnownFileType = sourcecode.swift; path = Checkmark.swift; sourceTree = "<group>"; };
		F954BA921E37D8270052E459 /* PokemonCell.swift */ = {isa = PBXFileReference; fileEncoding = 4; lastKnownFileType = sourcecode.swift; path = PokemonCell.swift; sourceTree = "<group>"; };
		F954BA941E37D9E50052E459 /* Pokemon+Extension.swift */ = {isa = PBXFileReference; fileEncoding = 4; lastKnownFileType = sourcecode.swift; path = "Pokemon+Extension.swift"; sourceTree = "<group>"; };
		F954BA961E38019E0052E459 /* PokemonSetsVC.swift */ = {isa = PBXFileReference; fileEncoding = 4; lastKnownFileType = sourcecode.swift; path = PokemonSetsVC.swift; sourceTree = "<group>"; };
		F954BA981E3803A30052E459 /* PokemonSetsCell.swift */ = {isa = PBXFileReference; fileEncoding = 4; lastKnownFileType = sourcecode.swift; path = PokemonSetsCell.swift; sourceTree = "<group>"; };
		F954BAA31E3975670052E459 /* TrainerUpdateVC.swift */ = {isa = PBXFileReference; fileEncoding = 4; lastKnownFileType = sourcecode.swift; path = TrainerUpdateVC.swift; sourceTree = "<group>"; };
		F990EB511EF2359A00085553 /* Assets.xcassets */ = {isa = PBXFileReference; lastKnownFileType = folder.assetcatalog; path = Assets.xcassets; sourceTree = "<group>"; };
		F9DD85DF1E4412C3003D61E8 /* Image.swift */ = {isa = PBXFileReference; fileEncoding = 4; lastKnownFileType = sourcecode.swift; path = Image.swift; sourceTree = "<group>"; };
		F9DD85E21E4413A6003D61E8 /* Image+CoreDataProperties.swift */ = {isa = PBXFileReference; fileEncoding = 4; lastKnownFileType = sourcecode.swift; path = "Image+CoreDataProperties.swift"; sourceTree = "<group>"; };
		F9DD85E91E4501BE003D61E8 /* items_images-Table 1-1.csv */ = {isa = PBXFileReference; lastKnownFileType = text; path = "items_images-Table 1-1.csv"; sourceTree = "<group>"; };
		F9DD85F11E46C921003D61E8 /* pkmn_images-Table 1-1.csv */ = {isa = PBXFileReference; lastKnownFileType = text; path = "pkmn_images-Table 1-1.csv"; sourceTree = "<group>"; };
		F9DD86001E4D1BA1003D61E8 /* UIViewController+Extensions.swift */ = {isa = PBXFileReference; fileEncoding = 4; lastKnownFileType = sourcecode.swift; path = "UIViewController+Extensions.swift"; sourceTree = "<group>"; };
		F9ECBC191E14955A0005F92A /* TrainersTableVC.swift */ = {isa = PBXFileReference; fileEncoding = 4; lastKnownFileType = sourcecode.swift; name = TrainersTableVC.swift; path = ../TrainersTableVC.swift; sourceTree = "<group>"; };
		F9ECBC1B1E14957E0005F92A /* PokemonsTableVC.swift */ = {isa = PBXFileReference; fileEncoding = 4; lastKnownFileType = sourcecode.swift; path = PokemonsTableVC.swift; sourceTree = "<group>"; };
		F9ECBC1D1E1496880005F92A /* TabBarVC.swift */ = {isa = PBXFileReference; fileEncoding = 4; lastKnownFileType = sourcecode.swift; path = TabBarVC.swift; sourceTree = "<group>"; };
/* End PBXFileReference section */

/* Begin PBXFrameworksBuildPhase section */
		F902D4671E4F51CC00252B04 /* Frameworks */ = {
			isa = PBXFrameworksBuildPhase;
			buildActionMask = 2147483647;
			files = (
			);
			runOnlyForDeploymentPostprocessing = 0;
		};
		F9462B4D1E146F7E00A63F9E /* Frameworks */ = {
			isa = PBXFrameworksBuildPhase;
			buildActionMask = 2147483647;
			files = (
			);
			runOnlyForDeploymentPostprocessing = 0;
		};
/* End PBXFrameworksBuildPhase section */

/* Begin PBXGroup section */
		F902D46B1E4F51CD00252B04 /* TreeSetsImport */ = {
			isa = PBXGroup;
			children = (
				F902D47A1E4F562200252B04 /* TreeSetsImport.entitlements */,
				F902D46C1E4F51CD00252B04 /* ShareViewController.swift */,
				F902D46E1E4F51CD00252B04 /* MainInterface.storyboard */,
				F902D4711E4F51CD00252B04 /* Info.plist */,
			);
			path = TreeSetsImport;
			sourceTree = "<group>";
		};
		F9462B471E146F7E00A63F9E = {
			isa = PBXGroup;
			children = (
				F902D47F1E4FFC8400252B04 /* CoreDataWrapper.swift */,
				F9462B521E146F7E00A63F9E /* Tree Sets */,
				F902D46B1E4F51CD00252B04 /* TreeSetsImport */,
				F9462B511E146F7E00A63F9E /* Products */,
			);
			sourceTree = "<group>";
		};
		F9462B511E146F7E00A63F9E /* Products */ = {
			isa = PBXGroup;
			children = (
				F9462B501E146F7E00A63F9E /* Tree Sets.app */,
				F902D46A1E4F51CC00252B04 /* TreeSetsImport.appex */,
			);
			name = Products;
			sourceTree = "<group>";
		};
		F9462B521E146F7E00A63F9E /* Tree Sets */ = {
			isa = PBXGroup;
			children = (
				F902D4791E4F560900252B04 /* Tree Sets.entitlements */,
				F954BA871E37B6EE0052E459 /* cells */,
				F94A9BA91E14A6E90072F5AA /* ViewControlllers */,
				F9462B531E146F7E00A63F9E /* AppDelegate.swift */,
				F9462B571E146F7E00A63F9E /* Main.storyboard */,
				F9462B5F1E146F7F00A63F9E /* LaunchScreen.storyboard */,
				F94A9BAA1E14A7020072F5AA /* Supporting Files */,
			);
			path = "Tree Sets";
			sourceTree = "<group>";
		};
		F94A9BA91E14A6E90072F5AA /* ViewControlllers */ = {
			isa = PBXGroup;
			children = (
				F9DD85FD1E4D0318003D61E8 /* Extensions */,
				F9ECBC191E14955A0005F92A /* TrainersTableVC.swift */,
				F9ECBC1B1E14957E0005F92A /* PokemonsTableVC.swift */,
				F954BA961E38019E0052E459 /* PokemonSetsVC.swift */,
				F954BAA31E3975670052E459 /* TrainerUpdateVC.swift */,
				F902D4881E50C69900252B04 /* LoadingVC.swift */,
			);
			name = ViewControlllers;
			sourceTree = "<group>";
		};
		F94A9BAA1E14A7020072F5AA /* Supporting Files */ = {
			isa = PBXGroup;
			children = (
				F990EB511EF2359A00085553 /* Assets.xcassets */,
				F9DD85DF1E4412C3003D61E8 /* Image.swift */,
				F9DD85E21E4413A6003D61E8 /* Image+CoreDataProperties.swift */,
				F9462B621E146F7F00A63F9E /* Info.plist */,
				F94A9BAB1E1567BD0072F5AA /* Database */,
				F954BA901E37D6990052E459 /* Checkmark.swift */,
				F954BA941E37D9E50052E459 /* Pokemon+Extension.swift */,
			);
			name = "Supporting Files";
			sourceTree = "<group>";
		};
		F94A9BAB1E1567BD0072F5AA /* Database */ = {
			isa = PBXGroup;
			children = (
				F954BA9C1E3856070052E459 /* preBuilt */,
				F94A9BAC1E156ACD0072F5AA /* rawFiles */,
				F954BA841E3505DA0052E459 /* CoreData */,
				F9462B5A1E146F7E00A63F9E /* Tree_Sets.xcdatamodeld */,
				F94A9BA71E14A6A70072F5AA /* PopulateDB.swift */,
			);
			name = Database;
			sourceTree = "<group>";
		};
		F94A9BAC1E156ACD0072F5AA /* rawFiles */ = {
			isa = PBXGroup;
			children = (
				F94A9BAD1E156AE60072F5AA /* Battle Tree Lookup - Pokedex.tsv */,
				F954BA821E3420E30052E459 /* Dex-Table 1.csv */,
				F9DD85E91E4501BE003D61E8 /* items_images-Table 1-1.csv */,
				F902D4641E4F47EA00252B04 /* Pokemon-Table 1.csv */,
				F9DD85F11E46C921003D61E8 /* pkmn_images-Table 1-1.csv */,
				F902D4651E4F4E0900252B04 /* Trainer-Table 1.csv */,
				F954BA801E3412510052E459 /* Trainer Category-Table 1.csv */,
			);
			name = rawFiles;
			sourceTree = "<group>";
		};
		F954BA841E3505DA0052E459 /* CoreData */ = {
			isa = PBXGroup;
			children = (
				F954BA851E3505FA0052E459 /* PokemonSet+Extension.swift */,
				F954BA8C1E37CAE80052E459 /* Trainer+Extension.swift */,
			);
			name = CoreData;
			sourceTree = "<group>";
		};
		F954BA871E37B6EE0052E459 /* cells */ = {
			isa = PBXGroup;
			children = (
				F954BA8A1E37B7670052E459 /* TrainerCell.swift */,
				F954BA921E37D8270052E459 /* PokemonCell.swift */,
				F954BA981E3803A30052E459 /* PokemonSetsCell.swift */,
			);
			name = cells;
			sourceTree = "<group>";
		};
		F954BA9C1E3856070052E459 /* preBuilt */ = {
			isa = PBXGroup;
			children = (
				F902D48A1E50F6C500252B04 /* Tree_Sets.sqlite */,
				F902D48B1E50F6C500252B04 /* Tree_Sets.sqlite-shm */,
				F902D48C1E50F6C500252B04 /* Tree_Sets.sqlite-wal */,
			);
			name = preBuilt;
			sourceTree = "<group>";
		};
		F9DD85FD1E4D0318003D61E8 /* Extensions */ = {
			isa = PBXGroup;
			children = (
				F9ECBC1D1E1496880005F92A /* TabBarVC.swift */,
				F954BA8E1E37CBE60052E459 /* UITableView+Extension.swift */,
				F9DD86001E4D1BA1003D61E8 /* UIViewController+Extensions.swift */,
			);
			name = Extensions;
			sourceTree = "<group>";
		};
/* End PBXGroup section */

/* Begin PBXNativeTarget section */
		F902D4691E4F51CC00252B04 /* TreeSetsImport */ = {
			isa = PBXNativeTarget;
			buildConfigurationList = F902D4751E4F51CD00252B04 /* Build configuration list for PBXNativeTarget "TreeSetsImport" */;
			buildPhases = (
				F902D4661E4F51CC00252B04 /* Sources */,
				F902D4671E4F51CC00252B04 /* Frameworks */,
				F902D4681E4F51CC00252B04 /* Resources */,
			);
			buildRules = (
			);
			dependencies = (
			);
			name = TreeSetsImport;
			productName = TreeSetsImport;
			productReference = F902D46A1E4F51CC00252B04 /* TreeSetsImport.appex */;
			productType = "com.apple.product-type.app-extension";
		};
		F9462B4F1E146F7E00A63F9E /* Tree Sets */ = {
			isa = PBXNativeTarget;
			buildConfigurationList = F9462B651E146F7F00A63F9E /* Build configuration list for PBXNativeTarget "Tree Sets" */;
			buildPhases = (
				F9462B4C1E146F7E00A63F9E /* Sources */,
				F9462B4D1E146F7E00A63F9E /* Frameworks */,
				F9462B4E1E146F7E00A63F9E /* Resources */,
				F954BAA21E38702F0052E459 /* ShellScript */,
				F902D4781E4F51CD00252B04 /* Embed App Extensions */,
			);
			buildRules = (
			);
			dependencies = (
				F902D4731E4F51CD00252B04 /* PBXTargetDependency */,
			);
			name = "Tree Sets";
			productName = "Tree Sets";
			productReference = F9462B501E146F7E00A63F9E /* Tree Sets.app */;
			productType = "com.apple.product-type.application";
		};
/* End PBXNativeTarget section */

/* Begin PBXProject section */
		F9462B481E146F7E00A63F9E /* Project object */ = {
			isa = PBXProject;
			attributes = {
				LastSwiftUpdateCheck = 0820;
				LastUpgradeCheck = 0820;
				ORGANIZATIONNAME = "Cristianno Vieira";
				TargetAttributes = {
					F902D4691E4F51CC00252B04 = {
						CreatedOnToolsVersion = 8.2.1;
						DevelopmentTeam = P7B2AA8678;
						ProvisioningStyle = Automatic;
						SystemCapabilities = {
							com.apple.ApplicationGroups.iOS = {
								enabled = 1;
							};
						};
					};
					F9462B4F1E146F7E00A63F9E = {
						CreatedOnToolsVersion = 8.2.1;
						DevelopmentTeam = P7B2AA8678;
						ProvisioningStyle = Automatic;
						SystemCapabilities = {
							com.apple.ApplicationGroups.iOS = {
								enabled = 1;
							};
						};
					};
				};
			};
			buildConfigurationList = F9462B4B1E146F7E00A63F9E /* Build configuration list for PBXProject "Tree Sets" */;
			compatibilityVersion = "Xcode 3.2";
			developmentRegion = English;
			hasScannedForEncodings = 0;
			knownRegions = (
				en,
				Base,
			);
			mainGroup = F9462B471E146F7E00A63F9E;
			productRefGroup = F9462B511E146F7E00A63F9E /* Products */;
			projectDirPath = "";
			projectRoot = "";
			targets = (
				F9462B4F1E146F7E00A63F9E /* Tree Sets */,
				F902D4691E4F51CC00252B04 /* TreeSetsImport */,
			);
		};
/* End PBXProject section */

/* Begin PBXResourcesBuildPhase section */
		F902D4681E4F51CC00252B04 /* Resources */ = {
			isa = PBXResourcesBuildPhase;
			buildActionMask = 2147483647;
			files = (
				F902D4701E4F51CD00252B04 /* MainInterface.storyboard in Resources */,
			);
			runOnlyForDeploymentPostprocessing = 0;
		};
		F9462B4E1E146F7E00A63F9E /* Resources */ = {
			isa = PBXResourcesBuildPhase;
			buildActionMask = 2147483647;
			files = (
				F9462B611E146F7F00A63F9E /* LaunchScreen.storyboard in Resources */,
				F990EB521EF2359A00085553 /* Assets.xcassets in Resources */,
				F9462B591E146F7E00A63F9E /* Main.storyboard in Resources */,
			);
			runOnlyForDeploymentPostprocessing = 0;
		};
/* End PBXResourcesBuildPhase section */

/* Begin PBXShellScriptBuildPhase section */
		F954BAA21E38702F0052E459 /* ShellScript */ = {
			isa = PBXShellScriptBuildPhase;
			buildActionMask = 2147483647;
			files = (
			);
			inputPaths = (
			);
			outputPaths = (
			);
			runOnlyForDeploymentPostprocessing = 0;
			shellPath = /bin/sh;
			shellScript = "FILENAME=\"Tree_Sets.sqlite\"\n\nBUILD_APP_DIR=${BUILT_PRODUCTS_DIR}/${PRODUCT_NAME}.app\nREAL_SRC=\"$SRCROOT/Tree Sets\"\n\nif [ -f \"$SRCROOT/Tree Sets/$FILENAME\" ]; then\ncp \"$REAL_SRC/$FILENAME\" \"$BUILD_APP_DIR/\"\ncp \"$REAL_SRC/$FILENAME-shm\" \"$BUILD_APP_DIR/\"\ncp \"$REAL_SRC/$FILENAME-wal\" \"$BUILD_APP_DIR/\"\nelse\ncp \"$REAL_SRC/Trainer-Table 1.csv\" \"$BUILD_APP_DIR/\"\ncp \"$REAL_SRC/Dex-Table 1.csv\" \"$BUILD_APP_DIR/\"\ncp \"$REAL_SRC/Battle Tree Lookup - Pokedex.tsv\" \"$BUILD_APP_DIR/\"\ncp \"$REAL_SRC/Trainer Category-Table 1.csv\" \"$BUILD_APP_DIR/\"\ncp \"$REAL_SRC/Pokemon-Table 1.csv\" \"$BUILD_APP_DIR/\"\ncp \"$REAL_SRC/items_images-Table 1-1.csv\" \"$BUILD_APP_DIR/\"\ncp \"$REAL_SRC/pkmn_images-Table 1-1.csv\" \"$BUILD_APP_DIR/\"\nfi";
		};
/* End PBXShellScriptBuildPhase section */

/* Begin PBXSourcesBuildPhase section */
		F902D4661E4F51CC00252B04 /* Sources */ = {
			isa = PBXSourcesBuildPhase;
			buildActionMask = 2147483647;
			files = (
				F902D47D1E4F81CF00252B04 /* Image+CoreDataProperties.swift in Sources */,
				F902D47E1E4F81D100252B04 /* Image.swift in Sources */,
				F902D47B1E4F63C500252B04 /* Tree_Sets.xcdatamodeld in Sources */,
				F902D4811E4FFC9200252B04 /* CoreDataWrapper.swift in Sources */,
				F902D46D1E4F51CD00252B04 /* ShareViewController.swift in Sources */,
			);
			runOnlyForDeploymentPostprocessing = 0;
		};
		F9462B4C1E146F7E00A63F9E /* Sources */ = {
			isa = PBXSourcesBuildPhase;
			buildActionMask = 2147483647;
			files = (
				F9ECBC1A1E14955A0005F92A /* TrainersTableVC.swift in Sources */,
				F954BAA41E3975670052E459 /* TrainerUpdateVC.swift in Sources */,
				F954BA951E37D9E50052E459 /* Pokemon+Extension.swift in Sources */,
				F954BA8B1E37B7670052E459 /* TrainerCell.swift in Sources */,
				F9ECBC1C1E14957E0005F92A /* PokemonsTableVC.swift in Sources */,
				F954BA911E37D6990052E459 /* Checkmark.swift in Sources */,
				F9DD86011E4D1BA1003D61E8 /* UIViewController+Extensions.swift in Sources */,
				F9ECBC1E1E1496880005F92A /* TabBarVC.swift in Sources */,
				F902D4801E4FFC8400252B04 /* CoreDataWrapper.swift in Sources */,
				F954BA931E37D8270052E459 /* PokemonCell.swift in Sources */,
				F954BA861E3505FA0052E459 /* PokemonSet+Extension.swift in Sources */,
				F94A9BA81E14A6A70072F5AA /* PopulateDB.swift in Sources */,
				F9462B541E146F7E00A63F9E /* AppDelegate.swift in Sources */,
				F9DD85E01E4412C3003D61E8 /* Image.swift in Sources */,
				F954BA8F1E37CBE60052E459 /* UITableView+Extension.swift in Sources */,
				F954BA8D1E37CAE80052E459 /* Trainer+Extension.swift in Sources */,
				F9DD85E41E4413A6003D61E8 /* Image+CoreDataProperties.swift in Sources */,
				F954BA991E3803A30052E459 /* PokemonSetsCell.swift in Sources */,
				F9462B5C1E146F7F00A63F9E /* Tree_Sets.xcdatamodeld in Sources */,
				F954BA971E38019E0052E459 /* PokemonSetsVC.swift in Sources */,
				F902D4891E50C69900252B04 /* LoadingVC.swift in Sources */,
			);
			runOnlyForDeploymentPostprocessing = 0;
		};
/* End PBXSourcesBuildPhase section */

/* Begin PBXTargetDependency section */
		F902D4731E4F51CD00252B04 /* PBXTargetDependency */ = {
			isa = PBXTargetDependency;
			target = F902D4691E4F51CC00252B04 /* TreeSetsImport */;
			targetProxy = F902D4721E4F51CD00252B04 /* PBXContainerItemProxy */;
		};
/* End PBXTargetDependency section */

/* Begin PBXVariantGroup section */
		F902D46E1E4F51CD00252B04 /* MainInterface.storyboard */ = {
			isa = PBXVariantGroup;
			children = (
				F902D46F1E4F51CD00252B04 /* Base */,
			);
			name = MainInterface.storyboard;
			sourceTree = "<group>";
		};
		F9462B571E146F7E00A63F9E /* Main.storyboard */ = {
			isa = PBXVariantGroup;
			children = (
				F9462B581E146F7E00A63F9E /* Base */,
			);
			name = Main.storyboard;
			sourceTree = "<group>";
		};
		F9462B5F1E146F7F00A63F9E /* LaunchScreen.storyboard */ = {
			isa = PBXVariantGroup;
			children = (
				F9462B601E146F7F00A63F9E /* Base */,
			);
			name = LaunchScreen.storyboard;
			sourceTree = "<group>";
		};
/* End PBXVariantGroup section */

/* Begin XCBuildConfiguration section */
		F902D4761E4F51CD00252B04 /* Debug */ = {
			isa = XCBuildConfiguration;
			buildSettings = {
				CODE_SIGN_ENTITLEMENTS = TreeSetsImport/TreeSetsImport.entitlements;
				DEVELOPMENT_TEAM = P7B2AA8678;
				INFOPLIST_FILE = TreeSetsImport/Info.plist;
				LD_RUNPATH_SEARCH_PATHS = "$(inherited) @executable_path/Frameworks @executable_path/../../Frameworks";
				PRODUCT_BUNDLE_IDENTIFIER = "personal.Tree-Sets.TreeSetsImport";
				PRODUCT_NAME = "$(TARGET_NAME)";
				SKIP_INSTALL = YES;
				SWIFT_VERSION = 3.0;
			};
			name = Debug;
		};
		F902D4771E4F51CD00252B04 /* Release */ = {
			isa = XCBuildConfiguration;
			buildSettings = {
				CODE_SIGN_ENTITLEMENTS = TreeSetsImport/TreeSetsImport.entitlements;
				DEVELOPMENT_TEAM = P7B2AA8678;
				INFOPLIST_FILE = TreeSetsImport/Info.plist;
				LD_RUNPATH_SEARCH_PATHS = "$(inherited) @executable_path/Frameworks @executable_path/../../Frameworks";
				PRODUCT_BUNDLE_IDENTIFIER = "personal.Tree-Sets.TreeSetsImport";
				PRODUCT_NAME = "$(TARGET_NAME)";
				SKIP_INSTALL = YES;
				SWIFT_VERSION = 3.0;
			};
			name = Release;
		};
		F9462B631E146F7F00A63F9E /* Debug */ = {
			isa = XCBuildConfiguration;
			buildSettings = {
				ALWAYS_SEARCH_USER_PATHS = NO;
				CLANG_ANALYZER_NONNULL = YES;
				CLANG_CXX_LANGUAGE_STANDARD = "gnu++0x";
				CLANG_CXX_LIBRARY = "libc++";
				CLANG_ENABLE_MODULES = YES;
				CLANG_ENABLE_OBJC_ARC = YES;
				CLANG_WARN_BOOL_CONVERSION = YES;
				CLANG_WARN_CONSTANT_CONVERSION = YES;
				CLANG_WARN_DIRECT_OBJC_ISA_USAGE = YES_ERROR;
				CLANG_WARN_DOCUMENTATION_COMMENTS = YES;
				CLANG_WARN_EMPTY_BODY = YES;
				CLANG_WARN_ENUM_CONVERSION = YES;
				CLANG_WARN_INFINITE_RECURSION = YES;
				CLANG_WARN_INT_CONVERSION = YES;
				CLANG_WARN_OBJC_ROOT_CLASS = YES_ERROR;
				CLANG_WARN_SUSPICIOUS_MOVE = YES;
				CLANG_WARN_UNREACHABLE_CODE = YES;
				CLANG_WARN__DUPLICATE_METHOD_MATCH = YES;
				"CODE_SIGN_IDENTITY[sdk=iphoneos*]" = "iPhone Developer";
				COPY_PHASE_STRIP = NO;
				DEBUG_INFORMATION_FORMAT = dwarf;
				ENABLE_STRICT_OBJC_MSGSEND = YES;
				ENABLE_TESTABILITY = YES;
				GCC_C_LANGUAGE_STANDARD = gnu99;
				GCC_DYNAMIC_NO_PIC = NO;
				GCC_NO_COMMON_BLOCKS = YES;
				GCC_OPTIMIZATION_LEVEL = 0;
				GCC_PREPROCESSOR_DEFINITIONS = (
					"DEBUG=1",
					"$(inherited)",
				);
				GCC_WARN_64_TO_32_BIT_CONVERSION = YES;
				GCC_WARN_ABOUT_RETURN_TYPE = YES_ERROR;
				GCC_WARN_UNDECLARED_SELECTOR = YES;
				GCC_WARN_UNINITIALIZED_AUTOS = YES_AGGRESSIVE;
				GCC_WARN_UNUSED_FUNCTION = YES;
				GCC_WARN_UNUSED_VARIABLE = YES;
				IPHONEOS_DEPLOYMENT_TARGET = 10.2;
				MTL_ENABLE_DEBUG_INFO = YES;
				ONLY_ACTIVE_ARCH = YES;
				SDKROOT = iphoneos;
				SWIFT_ACTIVE_COMPILATION_CONDITIONS = DEBUG;
				SWIFT_OPTIMIZATION_LEVEL = "-Onone";
			};
			name = Debug;
		};
		F9462B641E146F7F00A63F9E /* Release */ = {
			isa = XCBuildConfiguration;
			buildSettings = {
				ALWAYS_SEARCH_USER_PATHS = NO;
				CLANG_ANALYZER_NONNULL = YES;
				CLANG_CXX_LANGUAGE_STANDARD = "gnu++0x";
				CLANG_CXX_LIBRARY = "libc++";
				CLANG_ENABLE_MODULES = YES;
				CLANG_ENABLE_OBJC_ARC = YES;
				CLANG_WARN_BOOL_CONVERSION = YES;
				CLANG_WARN_CONSTANT_CONVERSION = YES;
				CLANG_WARN_DIRECT_OBJC_ISA_USAGE = YES_ERROR;
				CLANG_WARN_DOCUMENTATION_COMMENTS = YES;
				CLANG_WARN_EMPTY_BODY = YES;
				CLANG_WARN_ENUM_CONVERSION = YES;
				CLANG_WARN_INFINITE_RECURSION = YES;
				CLANG_WARN_INT_CONVERSION = YES;
				CLANG_WARN_OBJC_ROOT_CLASS = YES_ERROR;
				CLANG_WARN_SUSPICIOUS_MOVE = YES;
				CLANG_WARN_UNREACHABLE_CODE = YES;
				CLANG_WARN__DUPLICATE_METHOD_MATCH = YES;
				"CODE_SIGN_IDENTITY[sdk=iphoneos*]" = "iPhone Developer";
				COPY_PHASE_STRIP = NO;
				DEBUG_INFORMATION_FORMAT = "dwarf-with-dsym";
				ENABLE_NS_ASSERTIONS = NO;
				ENABLE_STRICT_OBJC_MSGSEND = YES;
				GCC_C_LANGUAGE_STANDARD = gnu99;
				GCC_NO_COMMON_BLOCKS = YES;
				GCC_WARN_64_TO_32_BIT_CONVERSION = YES;
				GCC_WARN_ABOUT_RETURN_TYPE = YES_ERROR;
				GCC_WARN_UNDECLARED_SELECTOR = YES;
				GCC_WARN_UNINITIALIZED_AUTOS = YES_AGGRESSIVE;
				GCC_WARN_UNUSED_FUNCTION = YES;
				GCC_WARN_UNUSED_VARIABLE = YES;
				IPHONEOS_DEPLOYMENT_TARGET = 10.2;
				MTL_ENABLE_DEBUG_INFO = NO;
				SDKROOT = iphoneos;
				SWIFT_OPTIMIZATION_LEVEL = "-Owholemodule";
				VALIDATE_PRODUCT = YES;
			};
			name = Release;
		};
		F9462B661E146F7F00A63F9E /* Debug */ = {
			isa = XCBuildConfiguration;
			buildSettings = {
				ALWAYS_EMBED_SWIFT_STANDARD_LIBRARIES = YES;
				ASSETCATALOG_COMPILER_APPICON_NAME = AppIcon;
				CODE_SIGN_ENTITLEMENTS = "Tree Sets/Tree Sets.entitlements";
				DEVELOPMENT_TEAM = P7B2AA8678;
				INFOPLIST_FILE = "Tree Sets/Info.plist";
				LD_RUNPATH_SEARCH_PATHS = "$(inherited) @executable_path/Frameworks";
				PRODUCT_BUNDLE_IDENTIFIER = "personal.Tree-Sets";
				PRODUCT_NAME = "$(TARGET_NAME)";
				SWIFT_VERSION = 3.0;
			};
			name = Debug;
		};
		F9462B671E146F7F00A63F9E /* Release */ = {
			isa = XCBuildConfiguration;
			buildSettings = {
				ALWAYS_EMBED_SWIFT_STANDARD_LIBRARIES = YES;
				ASSETCATALOG_COMPILER_APPICON_NAME = AppIcon;
				CODE_SIGN_ENTITLEMENTS = "Tree Sets/Tree Sets.entitlements";
				DEVELOPMENT_TEAM = P7B2AA8678;
				INFOPLIST_FILE = "Tree Sets/Info.plist";
				LD_RUNPATH_SEARCH_PATHS = "$(inherited) @executable_path/Frameworks";
				PRODUCT_BUNDLE_IDENTIFIER = "personal.Tree-Sets";
				PRODUCT_NAME = "$(TARGET_NAME)";
				SWIFT_VERSION = 3.0;
			};
			name = Release;
		};
/* End XCBuildConfiguration section */

/* Begin XCConfigurationList section */
		F902D4751E4F51CD00252B04 /* Build configuration list for PBXNativeTarget "TreeSetsImport" */ = {
			isa = XCConfigurationList;
			buildConfigurations = (
				F902D4761E4F51CD00252B04 /* Debug */,
				F902D4771E4F51CD00252B04 /* Release */,
			);
			defaultConfigurationIsVisible = 0;
			defaultConfigurationName = Release;
		};
		F9462B4B1E146F7E00A63F9E /* Build configuration list for PBXProject "Tree Sets" */ = {
			isa = XCConfigurationList;
			buildConfigurations = (
				F9462B631E146F7F00A63F9E /* Debug */,
				F9462B641E146F7F00A63F9E /* Release */,
			);
			defaultConfigurationIsVisible = 0;
			defaultConfigurationName = Release;
		};
		F9462B651E146F7F00A63F9E /* Build configuration list for PBXNativeTarget "Tree Sets" */ = {
			isa = XCConfigurationList;
			buildConfigurations = (
				F9462B661E146F7F00A63F9E /* Debug */,
				F9462B671E146F7F00A63F9E /* Release */,
			);
			defaultConfigurationIsVisible = 0;
			defaultConfigurationName = Release;
		};
/* End XCConfigurationList section */

/* Begin XCVersionGroup section */
		F9462B5A1E146F7E00A63F9E /* Tree_Sets.xcdatamodeld */ = {
			isa = XCVersionGroup;
			children = (
				F9462B5B1E146F7E00A63F9E /* Tree_Sets.xcdatamodel */,
			);
			currentVersion = F9462B5B1E146F7E00A63F9E /* Tree_Sets.xcdatamodel */;
			path = Tree_Sets.xcdatamodeld;
			sourceTree = "<group>";
			versionGroupType = wrapper.xcdatamodel;
		};
/* End XCVersionGroup section */
	};
	rootObject = F9462B481E146F7E00A63F9E /* Project object */;
}
